# THIS IS AN AUTOGENERATED FILE. DO NOT EDIT THIS FILE DIRECTLY.
# yarn lockfile v1


babylonjs@^5.12.1:
  version "5.12.1"
  resolved "https://registry.yarnpkg.com/babylonjs/-/babylonjs-5.12.1.tgz#3f8f887598d9394ee877bd46e4726b0bdf9a97d6"
  integrity sha512-U1dWQov13JfT1lyvdKZWRJAHKu8vKa8Q6EfToLzfzm5KNcFdhfNw8wD1QYD06TpRwaTDhRbrMWIVvNnpozokvg==
